// !$*UTF8*$!
{
	archiveVersion = 1;
	classes = {
	};
	objectVersion = 55;
	objects = {

/* Begin PBXBuildFile section */
		1F1217B22A5EB93400D2E3A9 /* AppDelegate.swift in Sources */ = {isa = PBXBuildFile; fileRef = 1F1217B12A5EB93400D2E3A9 /* AppDelegate.swift */; };
		1F1217B42A5EB93400D2E3A9 /* SceneDelegate.swift in Sources */ = {isa = PBXBuildFile; fileRef = 1F1217B32A5EB93400D2E3A9 /* SceneDelegate.swift */; };
		1F1217B92A5EB93400D2E3A9 /* Main.storyboard in Resources */ = {isa = PBXBuildFile; fileRef = 1F1217B72A5EB93400D2E3A9 /* Main.storyboard */; };
		1F1217BB2A5EB93800D2E3A9 /* Assets.xcassets in Resources */ = {isa = PBXBuildFile; fileRef = 1F1217BA2A5EB93800D2E3A9 /* Assets.xcassets */; };
		1F1217BE2A5EB93800D2E3A9 /* LaunchScreen.storyboard in Resources */ = {isa = PBXBuildFile; fileRef = 1F1217BC2A5EB93800D2E3A9 /* LaunchScreen.storyboard */; };
		1F1217C62A5EBDB800D2E3A9 /* Constants.swift in Sources */ = {isa = PBXBuildFile; fileRef = 1F1217C52A5EBDB800D2E3A9 /* Constants.swift */; };
		1F1217C82A5EBEEF00D2E3A9 /* WeatherData.swift in Sources */ = {isa = PBXBuildFile; fileRef = 1F1217C72A5EBEEF00D2E3A9 /* WeatherData.swift */; };
		1F1217CA2A5EBF6D00D2E3A9 /* WeatherService.swift in Sources */ = {isa = PBXBuildFile; fileRef = 1F1217C92A5EBF6D00D2E3A9 /* WeatherService.swift */; };
		1F1217CC2A5EBF7C00D2E3A9 /* WeatherViewModel.swift in Sources */ = {isa = PBXBuildFile; fileRef = 1F1217CB2A5EBF7C00D2E3A9 /* WeatherViewModel.swift */; };
		1F1217CE2A5EBFDF00D2E3A9 /* URLSession+NetworkSession.swift in Sources */ = {isa = PBXBuildFile; fileRef = 1F1217CD2A5EBFDF00D2E3A9 /* URLSession+NetworkSession.swift */; };
		1F1217D12A5EC5A000D2E3A9 /* WeatherViewController.swift in Sources */ = {isa = PBXBuildFile; fileRef = 1F1217CF2A5EC5A000D2E3A9 /* WeatherViewController.swift */; };
		1F1217D22A5EC5A000D2E3A9 /* WeatherViewController.xib in Resources */ = {isa = PBXBuildFile; fileRef = 1F1217D02A5EC5A000D2E3A9 /* WeatherViewController.xib */; };
/* End PBXBuildFile section */

/* Begin PBXFileReference section */
		1F1217AE2A5EB93400D2E3A9 /* UnitTestApiDemo.app */ = {isa = PBXFileReference; explicitFileType = wrapper.application; includeInIndex = 0; path = UnitTestApiDemo.app; sourceTree = BUILT_PRODUCTS_DIR; };
		1F1217B12A5EB93400D2E3A9 /* AppDelegate.swift */ = {isa = PBXFileReference; lastKnownFileType = sourcecode.swift; path = AppDelegate.swift; sourceTree = "<group>"; };
		1F1217B32A5EB93400D2E3A9 /* SceneDelegate.swift */ = {isa = PBXFileReference; lastKnownFileType = sourcecode.swift; path = SceneDelegate.swift; sourceTree = "<group>"; };
		1F1217B82A5EB93400D2E3A9 /* Base */ = {isa = PBXFileReference; lastKnownFileType = file.storyboard; name = Base; path = Base.lproj/Main.storyboard; sourceTree = "<group>"; };
		1F1217BA2A5EB93800D2E3A9 /* Assets.xcassets */ = {isa = PBXFileReference; lastKnownFileType = folder.assetcatalog; path = Assets.xcassets; sourceTree = "<group>"; };
		1F1217BD2A5EB93800D2E3A9 /* Base */ = {isa = PBXFileReference; lastKnownFileType = file.storyboard; name = Base; path = Base.lproj/LaunchScreen.storyboard; sourceTree = "<group>"; };
		1F1217BF2A5EB93800D2E3A9 /* Info.plist */ = {isa = PBXFileReference; lastKnownFileType = text.plist.xml; path = Info.plist; sourceTree = "<group>"; };
		1F1217C52A5EBDB800D2E3A9 /* Constants.swift */ = {isa = PBXFileReference; lastKnownFileType = sourcecode.swift; path = Constants.swift; sourceTree = "<group>"; };
		1F1217C72A5EBEEF00D2E3A9 /* WeatherData.swift */ = {isa = PBXFileReference; lastKnownFileType = sourcecode.swift; path = WeatherData.swift; sourceTree = "<group>"; };
		1F1217C92A5EBF6D00D2E3A9 /* WeatherService.swift */ = {isa = PBXFileReference; lastKnownFileType = sourcecode.swift; path = WeatherService.swift; sourceTree = "<group>"; };
		1F1217CB2A5EBF7C00D2E3A9 /* WeatherViewModel.swift */ = {isa = PBXFileReference; lastKnownFileType = sourcecode.swift; path = WeatherViewModel.swift; sourceTree = "<group>"; };
		1F1217CD2A5EBFDF00D2E3A9 /* URLSession+NetworkSession.swift */ = {isa = PBXFileReference; lastKnownFileType = sourcecode.swift; path = "URLSession+NetworkSession.swift"; sourceTree = "<group>"; };
		1F1217CF2A5EC5A000D2E3A9 /* WeatherViewController.swift */ = {isa = PBXFileReference; lastKnownFileType = sourcecode.swift; path = WeatherViewController.swift; sourceTree = "<group>"; };
		1F1217D02A5EC5A000D2E3A9 /* WeatherViewController.xib */ = {isa = PBXFileReference; lastKnownFileType = file.xib; path = WeatherViewController.xib; sourceTree = "<group>"; };
/* End PBXFileReference section */

/* Begin PBXFrameworksBuildPhase section */
		1F1217AB2A5EB93400D2E3A9 /* Frameworks */ = {
			isa = PBXFrameworksBuildPhase;
			buildActionMask = 2147483647;
			files = (
			);
			runOnlyForDeploymentPostprocessing = 0;
		};
/* End PBXFrameworksBuildPhase section */

/* Begin PBXGroup section */
		1F1217A52A5EB93400D2E3A9 = {
			isa = PBXGroup;
			children = (
				1F1217B02A5EB93400D2E3A9 /* UnitTestApiDemo */,
				1F1217AF2A5EB93400D2E3A9 /* Products */,
			);
			sourceTree = "<group>";
		};
		1F1217AF2A5EB93400D2E3A9 /* Products */ = {
			isa = PBXGroup;
			children = (
				1F1217AE2A5EB93400D2E3A9 /* UnitTestApiDemo.app */,
			);
			name = Products;
			sourceTree = "<group>";
		};
		1F1217B02A5EB93400D2E3A9 /* UnitTestApiDemo */ = {
			isa = PBXGroup;
			children = (
				1F1217B12A5EB93400D2E3A9 /* AppDelegate.swift */,
				1F1217B32A5EB93400D2E3A9 /* SceneDelegate.swift */,
				1F1217B72A5EB93400D2E3A9 /* Main.storyboard */,
				1F1217BA2A5EB93800D2E3A9 /* Assets.xcassets */,
				1F1217BC2A5EB93800D2E3A9 /* LaunchScreen.storyboard */,
				1F1217BF2A5EB93800D2E3A9 /* Info.plist */,
				1F1217C52A5EBDB800D2E3A9 /* Constants.swift */,
				1F1217C72A5EBEEF00D2E3A9 /* WeatherData.swift */,
				1F1217C92A5EBF6D00D2E3A9 /* WeatherService.swift */,
				1F1217CB2A5EBF7C00D2E3A9 /* WeatherViewModel.swift */,
				1F1217CD2A5EBFDF00D2E3A9 /* URLSession+NetworkSession.swift */,
				1F1217CF2A5EC5A000D2E3A9 /* WeatherViewController.swift */,
				1F1217D02A5EC5A000D2E3A9 /* WeatherViewController.xib */,
			);
			path = UnitTestApiDemo;
			sourceTree = "<group>";
		};
/* End PBXGroup section */

/* Begin PBXNativeTarget section */
		1F1217AD2A5EB93400D2E3A9 /* UnitTestApiDemo */ = {
			isa = PBXNativeTarget;
			buildConfigurationList = 1F1217C22A5EB93800D2E3A9 /* Build configuration list for PBXNativeTarget "UnitTestApiDemo" */;
			buildPhases = (
				1F1217AA2A5EB93400D2E3A9 /* Sources */,
				1F1217AB2A5EB93400D2E3A9 /* Frameworks */,
				1F1217AC2A5EB93400D2E3A9 /* Resources */,
			);
			buildRules = (
			);
			dependencies = (
			);
			name = UnitTestApiDemo;
			productName = UnitTestApiDemo;
			productReference = 1F1217AE2A5EB93400D2E3A9 /* UnitTestApiDemo.app */;
			productType = "com.apple.product-type.application";
		};
/* End PBXNativeTarget section */

/* Begin PBXProject section */
		1F1217A62A5EB93400D2E3A9 /* Project object */ = {
			isa = PBXProject;
			attributes = {
				BuildIndependentTargetsInParallel = 1;
				LastSwiftUpdateCheck = 1340;
				LastUpgradeCheck = 1340;
				TargetAttributes = {
					1F1217AD2A5EB93400D2E3A9 = {
						CreatedOnToolsVersion = 13.4.1;
					};
				};
			};
			buildConfigurationList = 1F1217A92A5EB93400D2E3A9 /* Build configuration list for PBXProject "UnitTestApiDemo" */;
			compatibilityVersion = "Xcode 13.0";
			developmentRegion = en;
			hasScannedForEncodings = 0;
			knownRegions = (
				en,
				Base,
			);
			mainGroup = 1F1217A52A5EB93400D2E3A9;
			productRefGroup = 1F1217AF2A5EB93400D2E3A9 /* Products */;
			projectDirPath = "";
			projectRoot = "";
			targets = (
				1F1217AD2A5EB93400D2E3A9 /* UnitTestApiDemo */,
			);
		};
/* End PBXProject section */

/* Begin PBXResourcesBuildPhase section */
		1F1217AC2A5EB93400D2E3A9 /* Resources */ = {
			isa = PBXResourcesBuildPhase;
			buildActionMask = 2147483647;
			files = (
				1F1217BE2A5EB93800D2E3A9 /* LaunchScreen.storyboard in Resources */,
				1F1217D22A5EC5A000D2E3A9 /* WeatherViewController.xib in Resources */,
				1F1217BB2A5EB93800D2E3A9 /* Assets.xcassets in Resources */,
				1F1217B92A5EB93400D2E3A9 /* Main.storyboard in Resources */,
			);
			runOnlyForDeploymentPostprocessing = 0;
		};
/* End PBXResourcesBuildPhase section */

/* Begin PBXSourcesBuildPhase section */
		1F1217AA2A5EB93400D2E3A9 /* Sources */ = {
			isa = PBXSourcesBuildPhase;
			buildActionMask = 2147483647;
			files = (
				1F1217C82A5EBEEF00D2E3A9 /* WeatherData.swift in Sources */,
				1F1217CE2A5EBFDF00D2E3A9 /* URLSession+NetworkSession.swift in Sources */,
				1F1217B22A5EB93400D2E3A9 /* AppDelegate.swift in Sources */,
				1F1217CC2A5EBF7C00D2E3A9 /* WeatherViewModel.swift in Sources */,
				1F1217B42A5EB93400D2E3A9 /* SceneDelegate.swift in Sources */,
				1F1217D12A5EC5A000D2E3A9 /* WeatherViewController.swift in Sources */,
				1F1217CA2A5EBF6D00D2E3A9 /* WeatherService.swift in Sources */,
				1F1217C62A5EBDB800D2E3A9 /* Constants.swift in Sources */,
			);
			runOnlyForDeploymentPostprocessing = 0;
		};
/* End PBXSourcesBuildPhase section */

/* Begin PBXVariantGroup section */
		1F1217B72A5EB93400D2E3A9 /* Main.storyboard */ = {
			isa = PBXVariantGroup;
			children = (
				1F1217B82A5EB93400D2E3A9 /* Base */,
			);
			name = Main.storyboard;
			sourceTree = "<group>";
		};
		1F1217BC2A5EB93800D2E3A9 /* LaunchScreen.storyboard */ = {
			isa = PBXVariantGroup;
			children = (
				1F1217BD2A5EB93800D2E3A9 /* Base */,
			);
			name = LaunchScreen.storyboard;
			sourceTree = "<group>";
		};
/* End PBXVariantGroup section */

/* Begin XCBuildConfiguration section */
		1F1217C02A5EB93800D2E3A9 /* Debug */ = {
			isa = XCBuildConfiguration;
			buildSettings = {
				ALWAYS_SEARCH_USER_PATHS = NO;
				CLANG_ANALYZER_NONNULL = YES;
				CLANG_ANALYZER_NUMBER_OBJECT_CONVERSION = YES_AGGRESSIVE;
				CLANG_CXX_LANGUAGE_STANDARD = "gnu++17";
				CLANG_ENABLE_MODULES = YES;
				CLANG_ENABLE_OBJC_ARC = YES;
				CLANG_ENABLE_OBJC_WEAK = YES;
				CLANG_WARN_BLOCK_CAPTURE_AUTORELEASING = YES;
				CLANG_WARN_BOOL_CONVERSION = YES;
				CLANG_WARN_COMMA = YES;
				CLANG_WARN_CONSTANT_CONVERSION = YES;
				CLANG_WARN_DEPRECATED_OBJC_IMPLEMENTATIONS = YES;
				CLANG_WARN_DIRECT_OBJC_ISA_USAGE = YES_ERROR;
				CLANG_WARN_DOCUMENTATION_COMMENTS = YES;
				CLANG_WARN_EMPTY_BODY = YES;
				CLANG_WARN_ENUM_CONVERSION = YES;
				CLANG_WARN_INFINITE_RECURSION = YES;
				CLANG_WARN_INT_CONVERSION = YES;
				CLANG_WARN_NON_LITERAL_NULL_CONVERSION = YES;
				CLANG_WARN_OBJC_IMPLICIT_RETAIN_SELF = YES;
				CLANG_WARN_OBJC_LITERAL_CONVERSION = YES;
				CLANG_WARN_OBJC_ROOT_CLASS = YES_ERROR;
				CLANG_WARN_QUOTED_INCLUDE_IN_FRAMEWORK_HEADER = YES;
				CLANG_WARN_RANGE_LOOP_ANALYSIS = YES;
				CLANG_WARN_STRICT_PROTOTYPES = YES;
				CLANG_WARN_SUSPICIOUS_MOVE = YES;
				CLANG_WARN_UNGUARDED_AVAILABILITY = YES_AGGRESSIVE;
				CLANG_WARN_UNREACHABLE_CODE = YES;
				CLANG_WARN__DUPLICATE_METHOD_MATCH = YES;
				COPY_PHASE_STRIP = NO;
				DEBUG_INFORMATION_FORMAT = dwarf;
				ENABLE_STRICT_OBJC_MSGSEND = YES;
				ENABLE_TESTABILITY = YES;
				GCC_C_LANGUAGE_STANDARD = gnu11;
				GCC_DYNAMIC_NO_PIC = NO;
				GCC_NO_COMMON_BLOCKS = YES;
				GCC_OPTIMIZATION_LEVEL = 0;
				GCC_PREPROCESSOR_DEFINITIONS = (
					"DEBUG=1",
					"$(inherited)",
				);
				GCC_WARN_64_TO_32_BIT_CONVERSION = YES;
				GCC_WARN_ABOUT_RETURN_TYPE = YES_ERROR;
				GCC_WARN_UNDECLARED_SELECTOR = YES;
				GCC_WARN_UNINITIALIZED_AUTOS = YES_AGGRESSIVE;
				GCC_WARN_UNUSED_FUNCTION = YES;
				GCC_WARN_UNUSED_VARIABLE = YES;
				IPHONEOS_DEPLOYMENT_TARGET = 15.5;
				MTL_ENABLE_DEBUG_INFO = INCLUDE_SOURCE;
				MTL_FAST_MATH = YES;
				ONLY_ACTIVE_ARCH = YES;
				SDKROOT = iphoneos;
				SWIFT_ACTIVE_COMPILATION_CONDITIONS = DEBUG;
				SWIFT_OPTIMIZATION_LEVEL = "-Onone";
			};
			name = Debug;
		};
		1F1217C12A5EB93800D2E3A9 /* Release */ = {
			isa = XCBuildConfiguration;
			buildSettings = {
				ALWAYS_SEARCH_USER_PATHS = NO;
				CLANG_ANALYZER_NONNULL = YES;
				CLANG_ANALYZER_NUMBER_OBJECT_CONVERSION = YES_AGGRESSIVE;
				CLANG_CXX_LANGUAGE_STANDARD = "gnu++17";
				CLANG_ENABLE_MODULES = YES;
				CLANG_ENABLE_OBJC_ARC = YES;
				CLANG_ENABLE_OBJC_WEAK = YES;
				CLANG_WARN_BLOCK_CAPTURE_AUTORELEASING = YES;
				CLANG_WARN_BOOL_CONVERSION = YES;
				CLANG_WARN_COMMA = YES;
				CLANG_WARN_CONSTANT_CONVERSION = YES;
				CLANG_WARN_DEPRECATED_OBJC_IMPLEMENTATIONS = YES;
				CLANG_WARN_DIRECT_OBJC_ISA_USAGE = YES_ERROR;
				CLANG_WARN_DOCUMENTATION_COMMENTS = YES;
				CLANG_WARN_EMPTY_BODY = YES;
				CLANG_WARN_ENUM_CONVERSION = YES;
				CLANG_WARN_INFINITE_RECURSION = YES;
				CLANG_WARN_INT_CONVERSION = YES;
				CLANG_WARN_NON_LITERAL_NULL_CONVERSION = YES;
				CLANG_WARN_OBJC_IMPLICIT_RETAIN_SELF = YES;
				CLANG_WARN_OBJC_LITERAL_CONVERSION = YES;
				CLANG_WARN_OBJC_ROOT_CLASS = YES_ERROR;
				CLANG_WARN_QUOTED_INCLUDE_IN_FRAMEWORK_HEADER = YES;
				CLANG_WARN_RANGE_LOOP_ANALYSIS = YES;
				CLANG_WARN_STRICT_PROTOTYPES = YES;
				CLANG_WARN_SUSPICIOUS_MOVE = YES;
				CLANG_WARN_UNGUARDED_AVAILABILITY = YES_AGGRESSIVE;
				CLANG_WARN_UNREACHABLE_CODE = YES;
				CLANG_WARN__DUPLICATE_METHOD_MATCH = YES;
				COPY_PHASE_STRIP = NO;
				DEBUG_INFORMATION_FORMAT = "dwarf-with-dsym";
				ENABLE_NS_ASSERTIONS = NO;
				ENABLE_STRICT_OBJC_MSGSEND = YES;
				GCC_C_LANGUAGE_STANDARD = gnu11;
				GCC_NO_COMMON_BLOCKS = YES;
				GCC_WARN_64_TO_32_BIT_CONVERSION = YES;
				GCC_WARN_ABOUT_RETURN_TYPE = YES_ERROR;
				GCC_WARN_UNDECLARED_SELECTOR = YES;
				GCC_WARN_UNINITIALIZED_AUTOS = YES_AGGRESSIVE;
				GCC_WARN_UNUSED_FUNCTION = YES;
				GCC_WARN_UNUSED_VARIABLE = YES;
				IPHONEOS_DEPLOYMENT_TARGET = 15.5;
				MTL_ENABLE_DEBUG_INFO = NO;
				MTL_FAST_MATH = YES;
				SDKROOT = iphoneos;
				SWIFT_COMPILATION_MODE = wholemodule;
				SWIFT_OPTIMIZATION_LEVEL = "-O";
				VALIDATE_PRODUCT = YES;
			};
			name = Release;
		};
		1F1217C32A5EB93800D2E3A9 /* Debug */ = {
			isa = XCBuildConfiguration;
			buildSettings = {
				ASSETCATALOG_COMPILER_APPICON_NAME = AppIcon;
				ASSETCATALOG_COMPILER_GLOBAL_ACCENT_COLOR_NAME = AccentColor;
				CODE_SIGN_STYLE = Automatic;
				CURRENT_PROJECT_VERSION = 1;
				DEVELOPMENT_TEAM = 5828EJ5HNE;
				GENERATE_INFOPLIST_FILE = YES;
				INFOPLIST_FILE = UnitTestApiDemo/Info.plist;
				INFOPLIST_KEY_UIApplicationSupportsIndirectInputEvents = YES;
				INFOPLIST_KEY_UILaunchStoryboardName = LaunchScreen;
				INFOPLIST_KEY_UIMainStoryboardFile = Main;
				INFOPLIST_KEY_UISupportedInterfaceOrientations_iPad = "UIInterfaceOrientationPortrait UIInterfaceOrientationPortraitUpsideDown UIInterfaceOrientationLandscapeLeft UIInterfaceOrientationLandscapeRight";
				INFOPLIST_KEY_UISupportedInterfaceOrientations_iPhone = "UIInterfaceOrientationPortrait UIInterfaceOrientationLandscapeLeft UIInterfaceOrientationLandscapeRight";
				LD_RUNPATH_SEARCH_PATHS = (
					"$(inherited)",
					"@executable_path/Frameworks",
				);
				MARKETING_VERSION = 1.0;
				PRODUCT_BUNDLE_IDENTIFIER = com.ganesh.UnitTestApiDemo;
				PRODUCT_NAME = "$(TARGET_NAME)";
				SWIFT_EMIT_LOC_STRINGS = YES;
				SWIFT_VERSION = 5.0;
				TARGETED_DEVICE_FAMILY = "1,2";
			};
			name = Debug;
		};
		1F1217C42A5EB93800D2E3A9 /* Release */ = {
			isa = XCBuildConfiguration;
			buildSettings = {
				ASSETCATALOG_COMPILER_APPICON_NAME = AppIcon;
				ASSETCATALOG_COMPILER_GLOBAL_ACCENT_COLOR_NAME = AccentColor;
				CODE_SIGN_STYLE = Automatic;
				CURRENT_PROJECT_VERSION = 1;
				DEVELOPMENT_TEAM = 5828EJ5HNE;
				GENERATE_INFOPLIST_FILE = YES;
				INFOPLIST_FILE = UnitTestApiDemo/Info.plist;
				INFOPLIST_KEY_UIApplicationSupportsIndirectInputEvents = YES;
				INFOPLIST_KEY_UILaunchStoryboardName = LaunchScreen;
				INFOPLIST_KEY_UIMainStoryboardFile = Main;
				INFOPLIST_KEY_UISupportedInterfaceOrientations_iPad = "UIInterfaceOrientationPortrait UIInterfaceOrientationPortraitUpsideDown UIInterfaceOrientationLandscapeLeft UIInterfaceOrientationLandscapeRight";
				INFOPLIST_KEY_UISupportedInterfaceOrientations_iPhone = "UIInterfaceOrientationPortrait UIInterfaceOrientationLandscapeLeft UIInterfaceOrientationLandscapeRight";
				LD_RUNPATH_SEARCH_PATHS = (
					"$(inherited)",
					"@executable_path/Frameworks",
				);
				MARKETING_VERSION = 1.0;
				PRODUCT_BUNDLE_IDENTIFIER = com.ganesh.UnitTestApiDemo;
				PRODUCT_NAME = "$(TARGET_NAME)";
				SWIFT_EMIT_LOC_STRINGS = YES;
				SWIFT_VERSION = 5.0;
				TARGETED_DEVICE_FAMILY = "1,2";
			};
			name = Release;
		};
/* End XCBuildConfiguration section */

/* Begin XCConfigurationList section */
		1F1217A92A5EB93400D2E3A9 /* Build configuration list for PBXProject "UnitTestApiDemo" */ = {
			isa = XCConfigurationList;
			buildConfigurations = (
				1F1217C02A5EB93800D2E3A9 /* Debug */,
				1F1217C12A5EB93800D2E3A9 /* Release */,
			);
			defaultConfigurationIsVisible = 0;
			defaultConfigurationName = Release;
		};
		1F1217C22A5EB93800D2E3A9 /* Build configuration list for PBXNativeTarget "UnitTestApiDemo" */ = {
			isa = XCConfigurationList;
			buildConfigurations = (
				1F1217C32A5EB93800D2E3A9 /* Debug */,
				1F1217C42A5EB93800D2E3A9 /* Release */,
			);
			defaultConfigurationIsVisible = 0;
			defaultConfigurationName = Release;
		};
/* End XCConfigurationList section */
	};
	rootObject = 1F1217A62A5EB93400D2E3A9 /* Project object */;
}
